
Microsoft Visual Studio Solution File, Format Version 12.00
# Visual Studio Version 16
VisualStudioVersion = 16.0.32802.440
MinimumVisualStudioVersion = 10.0.40219.1
Project("{FAE04EC0-301F-11D3-BF4B-00C04F79EFBC}") = "SoftwareManager", "SoftwareManager\SoftwareManager.csproj", "{B0081F2C-EFC0-4022-811F-6D5F2981F1CD}"
EndProject
Global
	GlobalSection(SolutionConfigurationPlatforms) = preSolution
		Debug|Any CPU = Debug|Any CPU
		Release|Any CPU = Release|Any CPU
	EndGlobalSection
	GlobalSection(ProjectConfigurationPlatforms) = postSolution
		{B0081F2C-EFC0-4022-811F-6D5F2981F1CD}.Debug|Any CPU.ActiveCfg = Debug|Any CPU
		{B0081F2C-EFC0-4022-811F-6D5F2981F1CD}.Debug|Any CPU.Build.0 = Debug|Any CPU
		{B0081F2C-EFC0-4022-811F-6D5F2981F1CD}.Release|Any CPU.ActiveCfg = Release|Any CPU
		{B0081F2C-EFC0-4022-811F-6D5F2981F1CD}.Release|Any CPU.Build.0 = Release|Any CPU
	EndGlobalSection
	GlobalSection(SolutionProperties) = preSolution
		HideSolutionNode = FALSE
	EndGlobalSection
	GlobalSection(ExtensibilityGlobals) = postSolution
		SolutionGuid = {047AE2B8-41D1-4A10-AB2F-1D66A0CD42B4}
	EndGlobalSection
EndGlobal
